// !$*UTF8*$!
{
	archiveVersion = 1;
	classes = {
	};
	objectVersion = 46;
	objects = {

/* Begin PBXBuildFile section */
		23BEF557125201D7808C652D /* Pods_Engineer_s_Calculator.framework in Frameworks */ = {isa = PBXBuildFile; fileRef = 23C0323C97AF3C58255908F8 /* Pods_Engineer_s_Calculator.framework */; };
		471C4F8D1F502D350017FB8E /* RadixController.swift in Sources */ = {isa = PBXBuildFile; fileRef = 471C4F8B1F502D350017FB8E /* RadixController.swift */; };
		471C4F901F5199CA0017FB8E /* Constants.swift in Sources */ = {isa = PBXBuildFile; fileRef = 471C4F8F1F5199CA0017FB8E /* Constants.swift */; };
		471C4F931F51CBCF0017FB8E /* ConstController.swift in Sources */ = {isa = PBXBuildFile; fileRef = 471C4F911F51CBCF0017FB8E /* ConstController.swift */; };
		471C4F961F5416E60017FB8E /* String+Char.swift in Sources */ = {isa = PBXBuildFile; fileRef = 471C4F951F5416E60017FB8E /* String+Char.swift */; };
		471C4F9A1F5416F20017FB8E /* MathML.swift in Sources */ = {isa = PBXBuildFile; fileRef = 471C4F971F5416F20017FB8E /* MathML.swift */; };
		471C4F9B1F5416F20017FB8E /* Parser.swift in Sources */ = {isa = PBXBuildFile; fileRef = 471C4F981F5416F20017FB8E /* Parser.swift */; };
		471C4F9C1F5416F20017FB8E /* Scanner.swift in Sources */ = {isa = PBXBuildFile; fileRef = 471C4F991F5416F20017FB8E /* Scanner.swift */; };
		471C4F9E1F54175D0017FB8E /* AST.swift in Sources */ = {isa = PBXBuildFile; fileRef = 471C4F9D1F54175D0017FB8E /* AST.swift */; };
		475368721F49D25600F0DFBC /* WebView.swift in Sources */ = {isa = PBXBuildFile; fileRef = 475368711F49D25600F0DFBC /* WebView.swift */; };
		4760D45B1F49ADD20001CAA2 /* AppDelegate.swift in Sources */ = {isa = PBXBuildFile; fileRef = 4760D45A1F49ADD20001CAA2 /* AppDelegate.swift */; };
		4760D45D1F49ADD20001CAA2 /* ViewController.swift in Sources */ = {isa = PBXBuildFile; fileRef = 4760D45C1F49ADD20001CAA2 /* ViewController.swift */; };
		4760D45F1F49ADD20001CAA2 /* Assets.xcassets in Resources */ = {isa = PBXBuildFile; fileRef = 4760D45E1F49ADD20001CAA2 /* Assets.xcassets */; };
		4760D4621F49ADD20001CAA2 /* Main.storyboard in Resources */ = {isa = PBXBuildFile; fileRef = 4760D4601F49ADD20001CAA2 /* Main.storyboard */; };
		4760D46A1F49C1440001CAA2 /* MainController.swift in Sources */ = {isa = PBXBuildFile; fileRef = 4760D4691F49C1440001CAA2 /* MainController.swift */; };
		478AE1DD1F4B0115004847B5 /* SYFlatButton.m in Sources */ = {isa = PBXBuildFile; fileRef = 478AE1DC1F4B0115004847B5 /* SYFlatButton.m */; };
		478AE1E01F4B2C2F004847B5 /* LetterPadController.swift in Sources */ = {isa = PBXBuildFile; fileRef = 478AE1DF1F4B2C2F004847B5 /* LetterPadController.swift */; };
		478AE1E31F4B3180004847B5 /* DigitController.swift in Sources */ = {isa = PBXBuildFile; fileRef = 478AE1E11F4B3180004847B5 /* DigitController.swift */; };
		47DB7FB420273347008F998B /* ButtonStyle.swift in Sources */ = {isa = PBXBuildFile; fileRef = 47DB7FB320273347008F998B /* ButtonStyle.swift */; };
/* End PBXBuildFile section */

/* Begin PBXFileReference section */
		23C0323C97AF3C58255908F8 /* Pods_Engineer_s_Calculator.framework */ = {isa = PBXFileReference; explicitFileType = wrapper.framework; includeInIndex = 0; path = Pods_Engineer_s_Calculator.framework; sourceTree = BUILT_PRODUCTS_DIR; };
		471C4F8B1F502D350017FB8E /* RadixController.swift */ = {isa = PBXFileReference; fileEncoding = 4; lastKnownFileType = sourcecode.swift; path = RadixController.swift; sourceTree = "<group>"; };
		471C4F8F1F5199CA0017FB8E /* Constants.swift */ = {isa = PBXFileReference; fileEncoding = 4; lastKnownFileType = sourcecode.swift; path = Constants.swift; sourceTree = "<group>"; };
		471C4F911F51CBCF0017FB8E /* ConstController.swift */ = {isa = PBXFileReference; fileEncoding = 4; lastKnownFileType = sourcecode.swift; path = ConstController.swift; sourceTree = "<group>"; };
		471C4F951F5416E60017FB8E /* String+Char.swift */ = {isa = PBXFileReference; fileEncoding = 4; lastKnownFileType = sourcecode.swift; path = "String+Char.swift"; sourceTree = "<group>"; };
		471C4F971F5416F20017FB8E /* MathML.swift */ = {isa = PBXFileReference; fileEncoding = 4; lastKnownFileType = sourcecode.swift; path = MathML.swift; sourceTree = "<group>"; };
		471C4F981F5416F20017FB8E /* Parser.swift */ = {isa = PBXFileReference; fileEncoding = 4; lastKnownFileType = sourcecode.swift; path = Parser.swift; sourceTree = "<group>"; };
		471C4F991F5416F20017FB8E /* Scanner.swift */ = {isa = PBXFileReference; fileEncoding = 4; lastKnownFileType = sourcecode.swift; path = Scanner.swift; sourceTree = "<group>"; };
		471C4F9D1F54175D0017FB8E /* AST.swift */ = {isa = PBXFileReference; fileEncoding = 4; lastKnownFileType = sourcecode.swift; path = AST.swift; sourceTree = "<group>"; };
		475368711F49D25600F0DFBC /* WebView.swift */ = {isa = PBXFileReference; fileEncoding = 4; lastKnownFileType = sourcecode.swift; path = WebView.swift; sourceTree = "<group>"; };
		4760D4571F49ADD20001CAA2 /* Engineer's Calculator.app */ = {isa = PBXFileReference; explicitFileType = wrapper.application; includeInIndex = 0; path = "Engineer's Calculator.app"; sourceTree = BUILT_PRODUCTS_DIR; };
		4760D45A1F49ADD20001CAA2 /* AppDelegate.swift */ = {isa = PBXFileReference; lastKnownFileType = sourcecode.swift; path = AppDelegate.swift; sourceTree = "<group>"; };
		4760D45C1F49ADD20001CAA2 /* ViewController.swift */ = {isa = PBXFileReference; lastKnownFileType = sourcecode.swift; path = ViewController.swift; sourceTree = "<group>"; };
		4760D45E1F49ADD20001CAA2 /* Assets.xcassets */ = {isa = PBXFileReference; lastKnownFileType = folder.assetcatalog; path = Assets.xcassets; sourceTree = "<group>"; };
		4760D4611F49ADD20001CAA2 /* Base */ = {isa = PBXFileReference; lastKnownFileType = file.storyboard; name = Base; path = Base.lproj/Main.storyboard; sourceTree = "<group>"; };
		4760D4631F49ADD20001CAA2 /* Info.plist */ = {isa = PBXFileReference; lastKnownFileType = text.plist.xml; path = Info.plist; sourceTree = "<group>"; };
		4760D4691F49C1440001CAA2 /* MainController.swift */ = {isa = PBXFileReference; fileEncoding = 4; lastKnownFileType = sourcecode.swift; path = MainController.swift; sourceTree = "<group>"; };
		478AE1DA1F4B0115004847B5 /* Engineer's Calculator-Bridging-Header.h */ = {isa = PBXFileReference; lastKnownFileType = sourcecode.c.h; path = "Engineer's Calculator-Bridging-Header.h"; sourceTree = "<group>"; };
		478AE1DB1F4B0115004847B5 /* SYFlatButton.h */ = {isa = PBXFileReference; fileEncoding = 4; lastKnownFileType = sourcecode.c.h; path = SYFlatButton.h; sourceTree = "<group>"; };
		478AE1DC1F4B0115004847B5 /* SYFlatButton.m */ = {isa = PBXFileReference; fileEncoding = 4; lastKnownFileType = sourcecode.c.objc; path = SYFlatButton.m; sourceTree = "<group>"; };
		478AE1DF1F4B2C2F004847B5 /* LetterPadController.swift */ = {isa = PBXFileReference; fileEncoding = 4; lastKnownFileType = sourcecode.swift; path = LetterPadController.swift; sourceTree = "<group>"; };
		478AE1E11F4B3180004847B5 /* DigitController.swift */ = {isa = PBXFileReference; fileEncoding = 4; lastKnownFileType = sourcecode.swift; path = DigitController.swift; sourceTree = "<group>"; };
		47DB7FB320273347008F998B /* ButtonStyle.swift */ = {isa = PBXFileReference; fileEncoding = 4; lastKnownFileType = sourcecode.swift; path = ButtonStyle.swift; sourceTree = "<group>"; };
		693C2CA7AB13C970D9B3D5A5 /* Pods-Engineer's Calculator.debug.xcconfig */ = {isa = PBXFileReference; includeInIndex = 1; lastKnownFileType = text.xcconfig; name = "Pods-Engineer's Calculator.debug.xcconfig"; path = "Pods/Target Support Files/Pods-Engineer's Calculator/Pods-Engineer's Calculator.debug.xcconfig"; sourceTree = "<group>"; };
		B4996560F87222A7F3D352A7 /* Pods-Engineer's Calculator.release.xcconfig */ = {isa = PBXFileReference; includeInIndex = 1; lastKnownFileType = text.xcconfig; name = "Pods-Engineer's Calculator.release.xcconfig"; path = "Pods/Target Support Files/Pods-Engineer's Calculator/Pods-Engineer's Calculator.release.xcconfig"; sourceTree = "<group>"; };
/* End PBXFileReference section */

/* Begin PBXFrameworksBuildPhase section */
		4760D4541F49ADD20001CAA2 /* Frameworks */ = {
			isa = PBXFrameworksBuildPhase;
			buildActionMask = 2147483647;
			files = (
				23BEF557125201D7808C652D /* Pods_Engineer_s_Calculator.framework in Frameworks */,
			);
			runOnlyForDeploymentPostprocessing = 0;
		};
/* End PBXFrameworksBuildPhase section */

/* Begin PBXGroup section */
		4760D44E1F49ADD20001CAA2 = {
			isa = PBXGroup;
			children = (
				4760D4591F49ADD20001CAA2 /* Engineer's Calculator */,
				4760D4581F49ADD20001CAA2 /* Products */,
				4BB9B4783F435368B71C187C /* Pods */,
				98482A9C8198D24F545712AF /* Frameworks */,
			);
			sourceTree = "<group>";
		};
		4760D4581F49ADD20001CAA2 /* Products */ = {
			isa = PBXGroup;
			children = (
				4760D4571F49ADD20001CAA2 /* Engineer's Calculator.app */,
			);
			name = Products;
			sourceTree = "<group>";
		};
		4760D4591F49ADD20001CAA2 /* Engineer's Calculator */ = {
			isa = PBXGroup;
			children = (
				47DB7FB320273347008F998B /* ButtonStyle.swift */,
				4760D45A1F49ADD20001CAA2 /* AppDelegate.swift */,
				4760D45C1F49ADD20001CAA2 /* ViewController.swift */,
				471C4F911F51CBCF0017FB8E /* ConstController.swift */,
				4760D45E1F49ADD20001CAA2 /* Assets.xcassets */,
				4760D4601F49ADD20001CAA2 /* Main.storyboard */,
				4760D4631F49ADD20001CAA2 /* Info.plist */,
				478AE1DF1F4B2C2F004847B5 /* LetterPadController.swift */,
				478AE1E11F4B3180004847B5 /* DigitController.swift */,
				471C4F8B1F502D350017FB8E /* RadixController.swift */,
				4760D4691F49C1440001CAA2 /* MainController.swift */,
				471C4F8F1F5199CA0017FB8E /* Constants.swift */,
				475368711F49D25600F0DFBC /* WebView.swift */,
				471C4F9D1F54175D0017FB8E /* AST.swift */,
				471C4F971F5416F20017FB8E /* MathML.swift */,
				471C4F981F5416F20017FB8E /* Parser.swift */,
				471C4F991F5416F20017FB8E /* Scanner.swift */,
				471C4F951F5416E60017FB8E /* String+Char.swift */,
				478AE1DB1F4B0115004847B5 /* SYFlatButton.h */,
				478AE1DC1F4B0115004847B5 /* SYFlatButton.m */,
				478AE1DA1F4B0115004847B5 /* Engineer's Calculator-Bridging-Header.h */,
			);
			path = "Engineer's Calculator";
			sourceTree = "<group>";
		};
		4BB9B4783F435368B71C187C /* Pods */ = {
			isa = PBXGroup;
			children = (
				693C2CA7AB13C970D9B3D5A5 /* Pods-Engineer's Calculator.debug.xcconfig */,
				B4996560F87222A7F3D352A7 /* Pods-Engineer's Calculator.release.xcconfig */,
			);
			name = Pods;
			sourceTree = "<group>";
		};
		98482A9C8198D24F545712AF /* Frameworks */ = {
			isa = PBXGroup;
			children = (
				23C0323C97AF3C58255908F8 /* Pods_Engineer_s_Calculator.framework */,
			);
			name = Frameworks;
			sourceTree = "<group>";
		};
/* End PBXGroup section */

/* Begin PBXNativeTarget section */
		4760D4561F49ADD20001CAA2 /* Engineer's Calculator */ = {
			isa = PBXNativeTarget;
			buildConfigurationList = 4760D4661F49ADD20001CAA2 /* Build configuration list for PBXNativeTarget "Engineer's Calculator" */;
			buildPhases = (
				4A394B91A58FA8F29379B82A /* [CP] Check Pods Manifest.lock */,
				4760D4531F49ADD20001CAA2 /* Sources */,
				4760D4541F49ADD20001CAA2 /* Frameworks */,
				4760D4551F49ADD20001CAA2 /* Resources */,
				E6A113B3982FDF3722D18991 /* [CP] Embed Pods Frameworks */,
				DAB9546A1BB4E9325E2BF390 /* [CP] Copy Pods Resources */,
			);
			buildRules = (
			);
			dependencies = (
			);
			name = "Engineer's Calculator";
			productName = "Engineer's Calculator";
			productReference = 4760D4571F49ADD20001CAA2 /* Engineer's Calculator.app */;
			productType = "com.apple.product-type.application";
		};
/* End PBXNativeTarget section */

/* Begin PBXProject section */
		4760D44F1F49ADD20001CAA2 /* Project object */ = {
			isa = PBXProject;
			attributes = {
				LastSwiftUpdateCheck = 0830;
				LastUpgradeCheck = 0920;
				ORGANIZATIONNAME = "Computer Inspirations";
				TargetAttributes = {
					4760D4561F49ADD20001CAA2 = {
						CreatedOnToolsVersion = 8.3.3;
						DevelopmentTeam = 6389FT2N69;
						LastSwiftMigration = 0920;
						ProvisioningStyle = Automatic;
					};
				};
			};
			buildConfigurationList = 4760D4521F49ADD20001CAA2 /* Build configuration list for PBXProject "Engineer's Calculator" */;
			compatibilityVersion = "Xcode 3.2";
			developmentRegion = English;
			hasScannedForEncodings = 0;
			knownRegions = (
				en,
				Base,
			);
			mainGroup = 4760D44E1F49ADD20001CAA2;
			productRefGroup = 4760D4581F49ADD20001CAA2 /* Products */;
			projectDirPath = "";
			projectRoot = "";
			targets = (
				4760D4561F49ADD20001CAA2 /* Engineer's Calculator */,
			);
		};
/* End PBXProject section */

/* Begin PBXResourcesBuildPhase section */
		4760D4551F49ADD20001CAA2 /* Resources */ = {
			isa = PBXResourcesBuildPhase;
			buildActionMask = 2147483647;
			files = (
				4760D45F1F49ADD20001CAA2 /* Assets.xcassets in Resources */,
				4760D4621F49ADD20001CAA2 /* Main.storyboard in Resources */,
			);
			runOnlyForDeploymentPostprocessing = 0;
		};
/* End PBXResourcesBuildPhase section */

/* Begin PBXShellScriptBuildPhase section */
		4A394B91A58FA8F29379B82A /* [CP] Check Pods Manifest.lock */ = {
			isa = PBXShellScriptBuildPhase;
			buildActionMask = 2147483647;
			files = (
			);
			inputPaths = (
				"${PODS_PODFILE_DIR_PATH}/Podfile.lock",
				"${PODS_ROOT}/Manifest.lock",
			);
			name = "[CP] Check Pods Manifest.lock";
			outputPaths = (
				"$(DERIVED_FILE_DIR)/Pods-Engineer's Calculator-checkManifestLockResult.txt",
			);
			runOnlyForDeploymentPostprocessing = 0;
			shellPath = /bin/sh;
			shellScript = "diff \"${PODS_PODFILE_DIR_PATH}/Podfile.lock\" \"${PODS_ROOT}/Manifest.lock\" > /dev/null\nif [ $? != 0 ] ; then\n    # print error to STDERR\n    echo \"error: The sandbox is not in sync with the Podfile.lock. Run 'pod install' or update your CocoaPods installation.\" >&2\n    exit 1\nfi\n# This output is used by Xcode 'outputs' to avoid re-running this script phase.\necho \"SUCCESS\" > \"${SCRIPT_OUTPUT_FILE_0}\"\n";
			showEnvVarsInLog = 0;
		};
		DAB9546A1BB4E9325E2BF390 /* [CP] Copy Pods Resources */ = {
			isa = PBXShellScriptBuildPhase;
			buildActionMask = 2147483647;
			files = (
			);
			inputPaths = (
			);
			name = "[CP] Copy Pods Resources";
			outputPaths = (
			);
			runOnlyForDeploymentPostprocessing = 0;
			shellPath = /bin/sh;
			shellScript = "\"${SRCROOT}/Pods/Target Support Files/Pods-Engineer's Calculator/Pods-Engineer's Calculator-resources.sh\"\n";
			showEnvVarsInLog = 0;
		};
		E6A113B3982FDF3722D18991 /* [CP] Embed Pods Frameworks */ = {
			isa = PBXShellScriptBuildPhase;
			buildActionMask = 2147483647;
			files = (
			);
			inputPaths = (
				"${SRCROOT}/Pods/Target Support Files/Pods-Engineer's Calculator/Pods-Engineer's Calculator-frameworks.sh",
				"${BUILT_PRODUCTS_DIR}/iosMath/iosMath.framework",
			);
			name = "[CP] Embed Pods Frameworks";
			outputPaths = (
				"${TARGET_BUILD_DIR}/${FRAMEWORKS_FOLDER_PATH}/iosMath.framework",
			);
			runOnlyForDeploymentPostprocessing = 0;
			shellPath = /bin/sh;
			shellScript = "\"${SRCROOT}/Pods/Target Support Files/Pods-Engineer's Calculator/Pods-Engineer's Calculator-frameworks.sh\"\n";
			showEnvVarsInLog = 0;
		};
/* End PBXShellScriptBuildPhase section */

/* Begin PBXSourcesBuildPhase section */
		4760D4531F49ADD20001CAA2 /* Sources */ = {
			isa = PBXSourcesBuildPhase;
			buildActionMask = 2147483647;
			files = (
				4760D45D1F49ADD20001CAA2 /* ViewController.swift in Sources */,
				478AE1E01F4B2C2F004847B5 /* LetterPadController.swift in Sources */,
				475368721F49D25600F0DFBC /* WebView.swift in Sources */,
				4760D46A1F49C1440001CAA2 /* MainController.swift in Sources */,
				471C4F961F5416E60017FB8E /* String+Char.swift in Sources */,
				478AE1DD1F4B0115004847B5 /* SYFlatButton.m in Sources */,
				471C4F9B1F5416F20017FB8E /* Parser.swift in Sources */,
				471C4F9A1F5416F20017FB8E /* MathML.swift in Sources */,
				471C4F901F5199CA0017FB8E /* Constants.swift in Sources */,
				47DB7FB420273347008F998B /* ButtonStyle.swift in Sources */,
				478AE1E31F4B3180004847B5 /* DigitController.swift in Sources */,
				471C4F8D1F502D350017FB8E /* RadixController.swift in Sources */,
				471C4F9E1F54175D0017FB8E /* AST.swift in Sources */,
				471C4F931F51CBCF0017FB8E /* ConstController.swift in Sources */,
				471C4F9C1F5416F20017FB8E /* Scanner.swift in Sources */,
				4760D45B1F49ADD20001CAA2 /* AppDelegate.swift in Sources */,
			);
			runOnlyForDeploymentPostprocessing = 0;
		};
/* End PBXSourcesBuildPhase section */

/* Begin PBXVariantGroup section */
		4760D4601F49ADD20001CAA2 /* Main.storyboard */ = {
			isa = PBXVariantGroup;
			children = (
				4760D4611F49ADD20001CAA2 /* Base */,
			);
			name = Main.storyboard;
			sourceTree = "<group>";
		};
/* End PBXVariantGroup section */

/* Begin XCBuildConfiguration section */
		4760D4641F49ADD20001CAA2 /* Debug */ = {
			isa = XCBuildConfiguration;
			buildSettings = {
				ALWAYS_SEARCH_USER_PATHS = NO;
				CLANG_ANALYZER_NONNULL = YES;
				CLANG_ANALYZER_NUMBER_OBJECT_CONVERSION = YES_AGGRESSIVE;
				CLANG_CXX_LANGUAGE_STANDARD = "gnu++0x";
				CLANG_CXX_LIBRARY = "libc++";
				CLANG_ENABLE_MODULES = YES;
				CLANG_ENABLE_OBJC_ARC = YES;
				CLANG_WARN_BLOCK_CAPTURE_AUTORELEASING = YES;
				CLANG_WARN_BOOL_CONVERSION = YES;
				CLANG_WARN_COMMA = YES;
				CLANG_WARN_CONSTANT_CONVERSION = YES;
				CLANG_WARN_DIRECT_OBJC_ISA_USAGE = YES_ERROR;
				CLANG_WARN_DOCUMENTATION_COMMENTS = YES;
				CLANG_WARN_EMPTY_BODY = YES;
				CLANG_WARN_ENUM_CONVERSION = YES;
				CLANG_WARN_INFINITE_RECURSION = YES;
				CLANG_WARN_INT_CONVERSION = YES;
				CLANG_WARN_NON_LITERAL_NULL_CONVERSION = YES;
				CLANG_WARN_OBJC_LITERAL_CONVERSION = YES;
				CLANG_WARN_OBJC_ROOT_CLASS = YES_ERROR;
				CLANG_WARN_RANGE_LOOP_ANALYSIS = YES;
				CLANG_WARN_STRICT_PROTOTYPES = YES;
				CLANG_WARN_SUSPICIOUS_MOVE = YES;
				CLANG_WARN_UNREACHABLE_CODE = YES;
				CLANG_WARN__DUPLICATE_METHOD_MATCH = YES;
				CODE_SIGN_IDENTITY = "-";
				COPY_PHASE_STRIP = NO;
				DEBUG_INFORMATION_FORMAT = dwarf;
				ENABLE_STRICT_OBJC_MSGSEND = YES;
				ENABLE_TESTABILITY = YES;
				GCC_C_LANGUAGE_STANDARD = gnu99;
				GCC_DYNAMIC_NO_PIC = NO;
				GCC_NO_COMMON_BLOCKS = YES;
				GCC_OPTIMIZATION_LEVEL = 0;
				GCC_PREPROCESSOR_DEFINITIONS = (
					"DEBUG=1",
					"$(inherited)",
				);
				GCC_WARN_64_TO_32_BIT_CONVERSION = YES;
				GCC_WARN_ABOUT_RETURN_TYPE = YES_ERROR;
				GCC_WARN_UNDECLARED_SELECTOR = YES;
				GCC_WARN_UNINITIALIZED_AUTOS = YES_AGGRESSIVE;
				GCC_WARN_UNUSED_FUNCTION = YES;
				GCC_WARN_UNUSED_VARIABLE = YES;
				MACOSX_DEPLOYMENT_TARGET = 10.12;
				MTL_ENABLE_DEBUG_INFO = YES;
				ONLY_ACTIVE_ARCH = YES;
				SDKROOT = macosx;
				SWIFT_ACTIVE_COMPILATION_CONDITIONS = DEBUG;
				SWIFT_OPTIMIZATION_LEVEL = "-Onone";
			};
			name = Debug;
		};
		4760D4651F49ADD20001CAA2 /* Release */ = {
			isa = XCBuildConfiguration;
			buildSettings = {
				ALWAYS_SEARCH_USER_PATHS = NO;
				CLANG_ANALYZER_NONNULL = YES;
				CLANG_ANALYZER_NUMBER_OBJECT_CONVERSION = YES_AGGRESSIVE;
				CLANG_CXX_LANGUAGE_STANDARD = "gnu++0x";
				CLANG_CXX_LIBRARY = "libc++";
				CLANG_ENABLE_MODULES = YES;
				CLANG_ENABLE_OBJC_ARC = YES;
				CLANG_WARN_BLOCK_CAPTURE_AUTORELEASING = YES;
				CLANG_WARN_BOOL_CONVERSION = YES;
				CLANG_WARN_COMMA = YES;
				CLANG_WARN_CONSTANT_CONVERSION = YES;
				CLANG_WARN_DIRECT_OBJC_ISA_USAGE = YES_ERROR;
				CLANG_WARN_DOCUMENTATION_COMMENTS = YES;
				CLANG_WARN_EMPTY_BODY = YES;
				CLANG_WARN_ENUM_CONVERSION = YES;
				CLANG_WARN_INFINITE_RECURSION = YES;
				CLANG_WARN_INT_CONVERSION = YES;
				CLANG_WARN_NON_LITERAL_NULL_CONVERSION = YES;
				CLANG_WARN_OBJC_LITERAL_CONVERSION = YES;
				CLANG_WARN_OBJC_ROOT_CLASS = YES_ERROR;
				CLANG_WARN_RANGE_LOOP_ANALYSIS = YES;
				CLANG_WARN_STRICT_PROTOTYPES = YES;
				CLANG_WARN_SUSPICIOUS_MOVE = YES;
				CLANG_WARN_UNREACHABLE_CODE = YES;
				CLANG_WARN__DUPLICATE_METHOD_MATCH = YES;
				CODE_SIGN_IDENTITY = "-";
				COPY_PHASE_STRIP = NO;
				DEBUG_INFORMATION_FORMAT = "dwarf-with-dsym";
				ENABLE_NS_ASSERTIONS = NO;
				ENABLE_STRICT_OBJC_MSGSEND = YES;
				GCC_C_LANGUAGE_STANDARD = gnu99;
				GCC_NO_COMMON_BLOCKS = YES;
				GCC_WARN_64_TO_32_BIT_CONVERSION = YES;
				GCC_WARN_ABOUT_RETURN_TYPE = YES_ERROR;
				GCC_WARN_UNDECLARED_SELECTOR = YES;
				GCC_WARN_UNINITIALIZED_AUTOS = YES_AGGRESSIVE;
				GCC_WARN_UNUSED_FUNCTION = YES;
				GCC_WARN_UNUSED_VARIABLE = YES;
				MACOSX_DEPLOYMENT_TARGET = 10.12;
				MTL_ENABLE_DEBUG_INFO = NO;
				SDKROOT = macosx;
				SWIFT_OPTIMIZATION_LEVEL = "-Owholemodule";
			};
			name = Release;
		};
		4760D4671F49ADD20001CAA2 /* Debug */ = {
			isa = XCBuildConfiguration;
			baseConfigurationReference = 693C2CA7AB13C970D9B3D5A5 /* Pods-Engineer's Calculator.debug.xcconfig */;
			buildSettings = {
				ASSETCATALOG_COMPILER_APPICON_NAME = AppIcon;
				CLANG_ENABLE_MODULES = YES;
				COMBINE_HIDPI_IMAGES = YES;
				DEVELOPMENT_TEAM = 6389FT2N69;
				INFOPLIST_FILE = "Engineer's Calculator/Info.plist";
				LD_RUNPATH_SEARCH_PATHS = "$(inherited) @executable_path/../Frameworks";
				MACOSX_DEPLOYMENT_TARGET = 10.12;
				PRODUCT_BUNDLE_IDENTIFIER = "com.c-inspirations.Engineer-s-Calculator";
				PRODUCT_NAME = "$(TARGET_NAME)";
				SWIFT_OBJC_BRIDGING_HEADER = "Engineer's Calculator/Engineer's Calculator-Bridging-Header.h";
				SWIFT_OPTIMIZATION_LEVEL = "-Onone";
				SWIFT_SWIFT3_OBJC_INFERENCE = Default;
				SWIFT_VERSION = 4.0;
			};
			name = Debug;
		};
		4760D4681F49ADD20001CAA2 /* Release */ = {
			isa = XCBuildConfiguration;
			baseConfigurationReference = B4996560F87222A7F3D352A7 /* Pods-Engineer's Calculator.release.xcconfig */;
			buildSettings = {
				ASSETCATALOG_COMPILER_APPICON_NAME = AppIcon;
				CLANG_ENABLE_MODULES = YES;
				COMBINE_HIDPI_IMAGES = YES;
				DEVELOPMENT_TEAM = 6389FT2N69;
				INFOPLIST_FILE = "Engineer's Calculator/Info.plist";
				LD_RUNPATH_SEARCH_PATHS = "$(inherited) @executable_path/../Frameworks";
				MACOSX_DEPLOYMENT_TARGET = 10.12;
				PRODUCT_BUNDLE_IDENTIFIER = "com.c-inspirations.Engineer-s-Calculator";
				PRODUCT_NAME = "$(TARGET_NAME)";
				SWIFT_OBJC_BRIDGING_HEADER = "Engineer's Calculator/Engineer's Calculator-Bridging-Header.h";
				SWIFT_SWIFT3_OBJC_INFERENCE = Default;
				SWIFT_VERSION = 4.0;
			};
			name = Release;
		};
/* End XCBuildConfiguration section */

/* Begin XCConfigurationList section */
		4760D4521F49ADD20001CAA2 /* Build configuration list for PBXProject "Engineer's Calculator" */ = {
			isa = XCConfigurationList;
			buildConfigurations = (
				4760D4641F49ADD20001CAA2 /* Debug */,
				4760D4651F49ADD20001CAA2 /* Release */,
			);
			defaultConfigurationIsVisible = 0;
			defaultConfigurationName = Release;
		};
		4760D4661F49ADD20001CAA2 /* Build configuration list for PBXNativeTarget "Engineer's Calculator" */ = {
			isa = XCConfigurationList;
			buildConfigurations = (
				4760D4671F49ADD20001CAA2 /* Debug */,
				4760D4681F49ADD20001CAA2 /* Release */,
			);
			defaultConfigurationIsVisible = 0;
			defaultConfigurationName = Release;
		};
/* End XCConfigurationList section */
	};
	rootObject = 4760D44F1F49ADD20001CAA2 /* Project object */;
}
